// !$*UTF8*$!
{
	archiveVersion = 1;
	classes = {
	};
	objectVersion = 46;
	objects = {

/* Begin PBXBuildFile section */
		1AC6FB21180E996B004C840B /* libcocos2d Mac.a in Frameworks */ = {isa = PBXBuildFile; fileRef = 1AC6FAF9180E9839004C840B /* libcocos2d Mac.a */; };
		1AC6FB30180E99EB004C840B /* libcocos2d iOS.a in Frameworks */ = {isa = PBXBuildFile; fileRef = 1AC6FB07180E9839004C840B /* libcocos2d iOS.a */; };
		1D60589F0D05DD5A006BFB54 /* Foundation.framework in Frameworks */ = {isa = PBXBuildFile; fileRef = 1D30AB110D05D00D00671497 /* Foundation.framework */; };
		1DF5F4E00D08C38300B7A737 /* UIKit.framework in Frameworks */ = {isa = PBXBuildFile; fileRef = 1DF5F4DF0D08C38300B7A737 /* UIKit.framework */; };
		288765A50DF7441C002DB57D /* CoreGraphics.framework in Frameworks */ = {isa = PBXBuildFile; fileRef = 288765A40DF7441C002DB57D /* CoreGraphics.framework */; };
		46880B8819C43A87006E1F66 /* AppDelegate.cpp in Sources */ = {isa = PBXBuildFile; fileRef = 46880B8419C43A87006E1F66 /* AppDelegate.cpp */; };
		46880B8919C43A87006E1F66 /* AppDelegate.cpp in Sources */ = {isa = PBXBuildFile; fileRef = 46880B8419C43A87006E1F66 /* AppDelegate.cpp */; };
		46880B8A19C43A87006E1F66 /* HelloWorldScene.cpp in Sources */ = {isa = PBXBuildFile; fileRef = 46880B8619C43A87006E1F66 /* HelloWorldScene.cpp */; };
		46880B8B19C43A87006E1F66 /* HelloWorldScene.cpp in Sources */ = {isa = PBXBuildFile; fileRef = 46880B8619C43A87006E1F66 /* HelloWorldScene.cpp */; };
		503AE0F817EB97AB00D1A890 /* Icon.icns in Resources */ = {isa = PBXBuildFile; fileRef = 503AE0F617EB97AB00D1A890 /* Icon.icns */; };
		503AE10017EB989F00D1A890 /* AppController.mm in Sources */ = {isa = PBXBuildFile; fileRef = 503AE0FB17EB989F00D1A890 /* AppController.mm */; };
		503AE10117EB989F00D1A890 /* main.m in Sources */ = {isa = PBXBuildFile; fileRef = 503AE0FC17EB989F00D1A890 /* main.m */; };
		503AE10217EB989F00D1A890 /* RootViewController.mm in Sources */ = {isa = PBXBuildFile; fileRef = 503AE0FF17EB989F00D1A890 /* RootViewController.mm */; };
		503AE10517EB98FF00D1A890 /* main.cpp in Sources */ = {isa = PBXBuildFile; fileRef = 503AE10317EB98FF00D1A890 /* main.cpp */; };
		503AE11B17EB9C5A00D1A890 /* IOKit.framework in Frameworks */ = {isa = PBXBuildFile; fileRef = 503AE11A17EB9C5A00D1A890 /* IOKit.framework */; };
		5087E76317EB910900C73F5D /* Foundation.framework in Frameworks */ = {isa = PBXBuildFile; fileRef = 1D30AB110D05D00D00671497 /* Foundation.framework */; };
		5087E76717EB910900C73F5D /* libz.dylib in Frameworks */ = {isa = PBXBuildFile; fileRef = BF170DB412928DE900B8313A /* libz.dylib */; };
		5087E76817EB910900C73F5D /* QuartzCore.framework in Frameworks */ = {isa = PBXBuildFile; fileRef = BF1C47EA1293683800B63C5D /* QuartzCore.framework */; };
		5087E76917EB910900C73F5D /* OpenAL.framework in Frameworks */ = {isa = PBXBuildFile; fileRef = D44C620B132DFF330009C878 /* OpenAL.framework */; };
		5087E76A17EB910900C73F5D /* AVFoundation.framework in Frameworks */ = {isa = PBXBuildFile; fileRef = D44C620D132DFF430009C878 /* AVFoundation.framework */; };
		5087E76B17EB910900C73F5D /* AudioToolbox.framework in Frameworks */ = {isa = PBXBuildFile; fileRef = D44C620F132DFF4E0009C878 /* AudioToolbox.framework */; };
		5087E77D17EB970100C73F5D /* Default-568h@2x.png in Resources */ = {isa = PBXBuildFile; fileRef = 5087E77217EB970100C73F5D /* Default-568h@2x.png */; };
		5087E77E17EB970100C73F5D /* Default.png in Resources */ = {isa = PBXBuildFile; fileRef = 5087E77317EB970100C73F5D /* Default.png */; };
		5087E77F17EB970100C73F5D /* Default@2x.png in Resources */ = {isa = PBXBuildFile; fileRef = 5087E77417EB970100C73F5D /* Default@2x.png */; };
		5087E78017EB970100C73F5D /* Icon-114.png in Resources */ = {isa = PBXBuildFile; fileRef = 5087E77517EB970100C73F5D /* Icon-114.png */; };
		5087E78117EB970100C73F5D /* Icon-120.png in Resources */ = {isa = PBXBuildFile; fileRef = 5087E77617EB970100C73F5D /* Icon-120.png */; };
		5087E78217EB970100C73F5D /* Icon-144.png in Resources */ = {isa = PBXBuildFile; fileRef = 5087E77717EB970100C73F5D /* Icon-144.png */; };
		5087E78317EB970100C73F5D /* Icon-152.png in Resources */ = {isa = PBXBuildFile; fileRef = 5087E77817EB970100C73F5D /* Icon-152.png */; };
		5087E78417EB970100C73F5D /* Icon-57.png in Resources */ = {isa = PBXBuildFile; fileRef = 5087E77917EB970100C73F5D /* Icon-57.png */; };
		5087E78517EB970100C73F5D /* Icon-72.png in Resources */ = {isa = PBXBuildFile; fileRef = 5087E77A17EB970100C73F5D /* Icon-72.png */; };
		5087E78617EB970100C73F5D /* Icon-76.png in Resources */ = {isa = PBXBuildFile; fileRef = 5087E77B17EB970100C73F5D /* Icon-76.png */; };
		5087E78917EB974C00C73F5D /* AppKit.framework in Frameworks */ = {isa = PBXBuildFile; fileRef = 5087E78817EB974C00C73F5D /* AppKit.framework */; };
		5087E78B17EB975400C73F5D /* OpenGL.framework in Frameworks */ = {isa = PBXBuildFile; fileRef = 5087E78A17EB975400C73F5D /* OpenGL.framework */; };
		50EF629617ECD46A001EB2F8 /* Icon-40.png in Resources */ = {isa = PBXBuildFile; fileRef = 50EF629217ECD46A001EB2F8 /* Icon-40.png */; };
		50EF629717ECD46A001EB2F8 /* Icon-58.png in Resources */ = {isa = PBXBuildFile; fileRef = 50EF629317ECD46A001EB2F8 /* Icon-58.png */; };
		50EF629817ECD46A001EB2F8 /* Icon-80.png in Resources */ = {isa = PBXBuildFile; fileRef = 50EF629417ECD46A001EB2F8 /* Icon-80.png */; };
		50EF629917ECD46A001EB2F8 /* Icon-100.png in Resources */ = {isa = PBXBuildFile; fileRef = 50EF629517ECD46A001EB2F8 /* Icon-100.png */; };
		50EF62A217ECD613001EB2F8 /* Icon-29.png in Resources */ = {isa = PBXBuildFile; fileRef = 50EF62A017ECD613001EB2F8 /* Icon-29.png */; };
		50EF62A317ECD613001EB2F8 /* Icon-50.png in Resources */ = {isa = PBXBuildFile; fileRef = 50EF62A117ECD613001EB2F8 /* Icon-50.png */; };
		521A8E6419F0C34300D177D7 /* Default-667h@2x.png in Resources */ = {isa = PBXBuildFile; fileRef = 521A8E6219F0C34300D177D7 /* Default-667h@2x.png */; };
		521A8E6519F0C34300D177D7 /* Default-736h@3x.png in Resources */ = {isa = PBXBuildFile; fileRef = 521A8E6319F0C34300D177D7 /* Default-736h@3x.png */; };
		52B47A471A53D09C004E4C60 /* Security.framework in Frameworks */ = {isa = PBXBuildFile; fileRef = 52B47A461A53D09B004E4C60 /* Security.framework */; };
		61016EBC1C19B31700AA13A8 /* GoogleMobileAds.framework in Frameworks */ = {isa = PBXBuildFile; fileRef = 61016EBB1C19B31700AA13A8 /* GoogleMobileAds.framework */; };
		615E644B1C16B7CE0061EBF9 /* OPTestLayer.cpp in Sources */ = {isa = PBXBuildFile; fileRef = 615E64491C16B7CE0061EBF9 /* OPTestLayer.cpp */; };
		61935C3A1C168BED0077685C /* libTalkingDataGA.a in Frameworks */ = {isa = PBXBuildFile; fileRef = 61935C331C168BED0077685C /* libTalkingDataGA.a */; };
		61935C3B1C168BED0077685C /* TDCCAccount.mm in Sources */ = {isa = PBXBuildFile; fileRef = 61935C351C168BED0077685C /* TDCCAccount.mm */; };
		61935C3C1C168BED0077685C /* TDCCItem.mm in Sources */ = {isa = PBXBuildFile; fileRef = 61935C361C168BED0077685C /* TDCCItem.mm */; };
		61935C3D1C168BED0077685C /* TDCCMission.mm in Sources */ = {isa = PBXBuildFile; fileRef = 61935C371C168BED0077685C /* TDCCMission.mm */; };
		61935C3E1C168BED0077685C /* TDCCTalkingDataGA.mm in Sources */ = {isa = PBXBuildFile; fileRef = 61935C381C168BED0077685C /* TDCCTalkingDataGA.mm */; };
		61935C3F1C168BED0077685C /* TDCCVirtualCurrency.mm in Sources */ = {isa = PBXBuildFile; fileRef = 61935C391C168BED0077685C /* TDCCVirtualCurrency.mm */; };
		61935C411C168CC90077685C /* AdSupport.framework in Frameworks */ = {isa = PBXBuildFile; fileRef = 61935C401C168CC90077685C /* AdSupport.framework */; };
		61935C431C168CDA0077685C /* CoreTelephony.framework in Frameworks */ = {isa = PBXBuildFile; fileRef = 61935C421C168CDA0077685C /* CoreTelephony.framework */; };
		61935C451C168CE10077685C /* lazydylib1.o in Frameworks */ = {isa = PBXBuildFile; fileRef = 61935C441C168CE10077685C /* lazydylib1.o */; };
		61935C471C168CF00077685C /* SystemConfiguration.framework in Frameworks */ = {isa = PBXBuildFile; fileRef = 61935C461C168CF00077685C /* SystemConfiguration.framework */; };
		61935C491C168CFD0077685C /* Security.framework in Frameworks */ = {isa = PBXBuildFile; fileRef = 61935C481C168CFD0077685C /* Security.framework */; };
		61D83BA81C19B09E001E3A1A /* CoreMedia.framework in Frameworks */ = {isa = PBXBuildFile; fileRef = 61D83BA71C19B09E001E3A1A /* CoreMedia.framework */; };
		61D83BAA1C19B0AC001E3A1A /* EventKit.framework in Frameworks */ = {isa = PBXBuildFile; fileRef = 61D83BA91C19B0AC001E3A1A /* EventKit.framework */; };
		61D83BAC1C19B0B5001E3A1A /* EventKitUI.framework in Frameworks */ = {isa = PBXBuildFile; fileRef = 61D83BAB1C19B0B5001E3A1A /* EventKitUI.framework */; };
		61D83BAE1C19B0CF001E3A1A /* MessageUI.framework in Frameworks */ = {isa = PBXBuildFile; fileRef = 61D83BAD1C19B0CF001E3A1A /* MessageUI.framework */; };
		61D83BB01C19B0DE001E3A1A /* StoreKit.framework in Frameworks */ = {isa = PBXBuildFile; fileRef = 61D83BAF1C19B0DE001E3A1A /* StoreKit.framework */; };
		61DA10B61C1AC7AD00DAA76D /* WelcomeLayer.cpp in Sources */ = {isa = PBXBuildFile; fileRef = 61DA10B41C1AC7AD00DAA76D /* WelcomeLayer.cpp */; };
		61E1999A1C2156E70059381D /* GameLayer.cpp in Sources */ = {isa = PBXBuildFile; fileRef = 61E199981C2156E70059381D /* GameLayer.cpp */; };
		61E1999F1C2158E90059381D /* getCCBLayer.cpp in Sources */ = {isa = PBXBuildFile; fileRef = 61E1999D1C2158E90059381D /* getCCBLayer.cpp */; };
		61E19A521C215F1D0059381D /* fileLookup.plist in Resources */ = {isa = PBXBuildFile; fileRef = 61E19A2E1C215F1D0059381D /* fileLookup.plist */; };
		61E19A531C215F1D0059381D /* GameLayer.ccbi in Resources */ = {isa = PBXBuildFile; fileRef = 61E19A2F1C215F1D0059381D /* GameLayer.ccbi */; };
		61E19A541C215F1D0059381D /* main.js in Resources */ = {isa = PBXBuildFile; fileRef = 61E19A301C215F1D0059381D /* main.js */; };
		61E19A551C215F1D0059381D /* MainScene.ccbi in Resources */ = {isa = PBXBuildFile; fileRef = 61E19A311C215F1D0059381D /* MainScene.ccbi */; };
		61E19A561C215F1D0059381D /* WelcomeLayer.ccbi in Resources */ = {isa = PBXBuildFile; fileRef = 61E19A321C215F1D0059381D /* WelcomeLayer.ccbi */; };
		61E19A571C215F1D0059381D /* bet_bg_1.png in Resources */ = {isa = PBXBuildFile; fileRef = 61E19A341C215F1D0059381D /* bet_bg_1.png */; };
		61E19A581C215F1D0059381D /* bet_bg_2.png in Resources */ = {isa = PBXBuildFile; fileRef = 61E19A351C215F1D0059381D /* bet_bg_2.png */; };
		61E19A591C215F1D0059381D /* bet_bg_3.png in Resources */ = {isa = PBXBuildFile; fileRef = 61E19A361C215F1D0059381D /* bet_bg_3.png */; };
		61E19A5A1C215F1D0059381D /* btn_1.png in Resources */ = {isa = PBXBuildFile; fileRef = 61E19A371C215F1D0059381D /* btn_1.png */; };
		61E19A5B1C215F1D0059381D /* btn_2.png in Resources */ = {isa = PBXBuildFile; fileRef = 61E19A381C215F1D0059381D /* btn_2.png */; };
		61E19A5C1C215F1D0059381D /* ccbDefaultImages.plist in Resources */ = {isa = PBXBuildFile; fileRef = 61E19A391C215F1D0059381D /* ccbDefaultImages.plist */; };
		61E19A5D1C215F1D0059381D /* ccbDefaultImages.png in Resources */ = {isa = PBXBuildFile; fileRef = 61E19A3A1C215F1D0059381D /* ccbDefaultImages.png */; };
		61E19A5E1C215F1D0059381D /* ccbParticleFire.png in Resources */ = {isa = PBXBuildFile; fileRef = 61E19A3B1C215F1D0059381D /* ccbParticleFire.png */; };
		61E19A5F1C215F1D0059381D /* ccbParticleSmoke.png in Resources */ = {isa = PBXBuildFile; fileRef = 61E19A3C1C215F1D0059381D /* ccbParticleSmoke.png */; };
		61E19A601C215F1D0059381D /* ccbParticleSnow.png in Resources */ = {isa = PBXBuildFile; fileRef = 61E19A3D1C215F1D0059381D /* ccbParticleSnow.png */; };
		61E19A611C215F1D0059381D /* ccbParticleStars.png in Resources */ = {isa = PBXBuildFile; fileRef = 61E19A3E1C215F1D0059381D /* ccbParticleStars.png */; };
		61E19A621C215F1D0059381D /* ccbDefaultImages.plist in Resources */ = {isa = PBXBuildFile; fileRef = 61E19A401C215F1D0059381D /* ccbDefaultImages.plist */; };
		61E19A631C215F1D0059381D /* ccbDefaultImages.png in Resources */ = {isa = PBXBuildFile; fileRef = 61E19A411C215F1D0059381D /* ccbDefaultImages.png */; };
		61E19A641C215F1D0059381D /* ccbDefaultImages.plist in Resources */ = {isa = PBXBuildFile; fileRef = 61E19A431C215F1D0059381D /* ccbDefaultImages.plist */; };
		61E19A651C215F1D0059381D /* ccbDefaultImages.png in Resources */ = {isa = PBXBuildFile; fileRef = 61E19A441C215F1D0059381D /* ccbDefaultImages.png */; };
		61E19A661C215F1D0059381D /* ccbDefaultImages.plist in Resources */ = {isa = PBXBuildFile; fileRef = 61E19A461C215F1D0059381D /* ccbDefaultImages.plist */; };
		61E19A671C215F1D0059381D /* ccbDefaultImages.png in Resources */ = {isa = PBXBuildFile; fileRef = 61E19A471C215F1D0059381D /* ccbDefaultImages.png */; };
		61E19A681C215F1D0059381D /* sprite.png in Resources */ = {isa = PBXBuildFile; fileRef = 61E19A481C215F1D0059381D /* sprite.png */; };
		61E19A691C215F1D0059381D /* Thumbs.db in Resources */ = {isa = PBXBuildFile; fileRef = 61E19A491C215F1D0059381D /* Thumbs.db */; };
		61E19A6A1C215F1D0059381D /* CloseNormal.png in Resources */ = {isa = PBXBuildFile; fileRef = 61E19A4A1C215F1D0059381D /* CloseNormal.png */; };
		61E19A6B1C215F1D0059381D /* CloseSelected.png in Resources */ = {isa = PBXBuildFile; fileRef = 61E19A4B1C215F1D0059381D /* CloseSelected.png */; };
		61E19A6C1C215F1D0059381D /* arial.ttf in Resources */ = {isa = PBXBuildFile; fileRef = 61E19A4D1C215F1D0059381D /* arial.ttf */; };
		61E19A6D1C215F1D0059381D /* Marker Felt.ttf in Resources */ = {isa = PBXBuildFile; fileRef = 61E19A4E1C215F1D0059381D /* Marker Felt.ttf */; };
		61E19A6E1C215F1D0059381D /* HelloWorld.png in Resources */ = {isa = PBXBuildFile; fileRef = 61E19A4F1C215F1D0059381D /* HelloWorld.png */; };
		61E19A6F1C215F1D0059381D /* .gitkeep in Resources */ = {isa = PBXBuildFile; fileRef = 61E19A511C215F1D0059381D /* .gitkeep */; };
		61E19A791C219AE00059381D /* GameLogic.cpp in Sources */ = {isa = PBXBuildFile; fileRef = 61E19A771C219AE00059381D /* GameLogic.cpp */; };
		8262943E1AAF051F00CB7CF7 /* Security.framework in Frameworks */ = {isa = PBXBuildFile; fileRef = 8262943D1AAF051F00CB7CF7 /* Security.framework */; };
		BF171245129291EC00B8313A /* OpenGLES.framework in Frameworks */ = {isa = PBXBuildFile; fileRef = BF170DB012928DE900B8313A /* OpenGLES.framework */; };
		BF1712471292920000B8313A /* libz.dylib in Frameworks */ = {isa = PBXBuildFile; fileRef = BF170DB412928DE900B8313A /* libz.dylib */; };
		BF1C47F01293687400B63C5D /* QuartzCore.framework in Frameworks */ = {isa = PBXBuildFile; fileRef = BF1C47EA1293683800B63C5D /* QuartzCore.framework */; };
		D44C620C132DFF330009C878 /* OpenAL.framework in Frameworks */ = {isa = PBXBuildFile; fileRef = D44C620B132DFF330009C878 /* OpenAL.framework */; };
		D44C620E132DFF430009C878 /* AVFoundation.framework in Frameworks */ = {isa = PBXBuildFile; fileRef = D44C620D132DFF430009C878 /* AVFoundation.framework */; };
		D44C6210132DFF4E0009C878 /* AudioToolbox.framework in Frameworks */ = {isa = PBXBuildFile; fileRef = D44C620F132DFF4E0009C878 /* AudioToolbox.framework */; };
		D6B0611B1803AB670077942B /* CoreMotion.framework in Frameworks */ = {isa = PBXBuildFile; fileRef = D6B0611A1803AB670077942B /* CoreMotion.framework */; };
		ED545A7C1B68A1F400C3958E /* libiconv.dylib in Frameworks */ = {isa = PBXBuildFile; fileRef = ED545A7B1B68A1F400C3958E /* libiconv.dylib */; };
		ED545A7E1B68A1FA00C3958E /* libiconv.dylib in Frameworks */ = {isa = PBXBuildFile; fileRef = ED545A7D1B68A1FA00C3958E /* libiconv.dylib */; };
/* End PBXBuildFile section */

/* Begin PBXContainerItemProxy section */
		1AC6FAF8180E9839004C840B /* PBXContainerItemProxy */ = {
			isa = PBXContainerItemProxy;
			containerPortal = 1AC6FAE5180E9839004C840B /* cocos2d_libs.xcodeproj */;
			proxyType = 2;
			remoteGlobalIDString = 1551A33F158F2AB200E66CFE;
			remoteInfo = "cocos2dx Mac";
		};
		1AC6FB06180E9839004C840B /* PBXContainerItemProxy */ = {
			isa = PBXContainerItemProxy;
			containerPortal = 1AC6FAE5180E9839004C840B /* cocos2d_libs.xcodeproj */;
			proxyType = 2;
			remoteGlobalIDString = A07A4D641783777C0073F6A7;
			remoteInfo = "cocos2dx iOS";
		};
		1AC6FB15180E9959004C840B /* PBXContainerItemProxy */ = {
			isa = PBXContainerItemProxy;
			containerPortal = 1AC6FAE5180E9839004C840B /* cocos2d_libs.xcodeproj */;
			proxyType = 1;
			remoteGlobalIDString = 1551A33E158F2AB200E66CFE;
			remoteInfo = "cocos2dx Mac";
		};
		1AC6FB24180E99E1004C840B /* PBXContainerItemProxy */ = {
			isa = PBXContainerItemProxy;
			containerPortal = 1AC6FAE5180E9839004C840B /* cocos2d_libs.xcodeproj */;
			proxyType = 1;
			remoteGlobalIDString = A07A4C241783777C0073F6A7;
			remoteInfo = "cocos2dx iOS";
		};
/* End PBXContainerItemProxy section */

/* Begin PBXFileReference section */
		1AC6FAE5180E9839004C840B /* cocos2d_libs.xcodeproj */ = {isa = PBXFileReference; lastKnownFileType = "wrapper.pb-project"; name = cocos2d_libs.xcodeproj; path = ../cocos2d/build/cocos2d_libs.xcodeproj; sourceTree = "<group>"; };
		1ACB3243164770DE00914215 /* libcurl.a */ = {isa = PBXFileReference; lastKnownFileType = archive.ar; name = libcurl.a; path = ../../cocos2dx/platform/third_party/ios/libraries/libcurl.a; sourceTree = "<group>"; };
		1D30AB110D05D00D00671497 /* Foundation.framework */ = {isa = PBXFileReference; lastKnownFileType = wrapper.framework; name = Foundation.framework; path = System/Library/Frameworks/Foundation.framework; sourceTree = SDKROOT; };
		1D6058910D05DD3D006BFB54 /* gamePlay-mobile.app */ = {isa = PBXFileReference; explicitFileType = wrapper.application; includeInIndex = 0; path = "gamePlay-mobile.app"; sourceTree = BUILT_PRODUCTS_DIR; };
		1DF5F4DF0D08C38300B7A737 /* UIKit.framework */ = {isa = PBXFileReference; lastKnownFileType = wrapper.framework; name = UIKit.framework; path = System/Library/Frameworks/UIKit.framework; sourceTree = SDKROOT; };
		288765A40DF7441C002DB57D /* CoreGraphics.framework */ = {isa = PBXFileReference; lastKnownFileType = wrapper.framework; name = CoreGraphics.framework; path = System/Library/Frameworks/CoreGraphics.framework; sourceTree = SDKROOT; };
		46880B8419C43A87006E1F66 /* AppDelegate.cpp */ = {isa = PBXFileReference; fileEncoding = 4; lastKnownFileType = sourcecode.cpp.cpp; path = AppDelegate.cpp; sourceTree = "<group>"; };
		46880B8519C43A87006E1F66 /* AppDelegate.h */ = {isa = PBXFileReference; fileEncoding = 4; lastKnownFileType = sourcecode.c.h; path = AppDelegate.h; sourceTree = "<group>"; };
		46880B8619C43A87006E1F66 /* HelloWorldScene.cpp */ = {isa = PBXFileReference; fileEncoding = 4; lastKnownFileType = sourcecode.cpp.cpp; path = HelloWorldScene.cpp; sourceTree = "<group>"; };
		46880B8719C43A87006E1F66 /* HelloWorldScene.h */ = {isa = PBXFileReference; fileEncoding = 4; lastKnownFileType = sourcecode.c.h; path = HelloWorldScene.h; sourceTree = "<group>"; };
		503AE0F617EB97AB00D1A890 /* Icon.icns */ = {isa = PBXFileReference; lastKnownFileType = image.icns; path = Icon.icns; sourceTree = "<group>"; };
		503AE0F717EB97AB00D1A890 /* Info.plist */ = {isa = PBXFileReference; fileEncoding = 4; lastKnownFileType = text.plist.xml; path = Info.plist; sourceTree = "<group>"; };
		503AE0FA17EB989F00D1A890 /* AppController.h */ = {isa = PBXFileReference; fileEncoding = 4; lastKnownFileType = sourcecode.c.h; name = AppController.h; path = ios/AppController.h; sourceTree = SOURCE_ROOT; };
		503AE0FB17EB989F00D1A890 /* AppController.mm */ = {isa = PBXFileReference; fileEncoding = 4; lastKnownFileType = sourcecode.cpp.objcpp; name = AppController.mm; path = ios/AppController.mm; sourceTree = SOURCE_ROOT; };
		503AE0FC17EB989F00D1A890 /* main.m */ = {isa = PBXFileReference; fileEncoding = 4; lastKnownFileType = sourcecode.c.objc; name = main.m; path = ios/main.m; sourceTree = SOURCE_ROOT; };
		503AE0FD17EB989F00D1A890 /* Prefix.pch */ = {isa = PBXFileReference; fileEncoding = 4; lastKnownFileType = sourcecode.c.h; name = Prefix.pch; path = ios/Prefix.pch; sourceTree = SOURCE_ROOT; };
		503AE0FE17EB989F00D1A890 /* RootViewController.h */ = {isa = PBXFileReference; fileEncoding = 4; lastKnownFileType = sourcecode.c.h; name = RootViewController.h; path = ios/RootViewController.h; sourceTree = SOURCE_ROOT; };
		503AE0FF17EB989F00D1A890 /* RootViewController.mm */ = {isa = PBXFileReference; fileEncoding = 4; lastKnownFileType = sourcecode.cpp.objcpp; name = RootViewController.mm; path = ios/RootViewController.mm; sourceTree = SOURCE_ROOT; };
		503AE10317EB98FF00D1A890 /* main.cpp */ = {isa = PBXFileReference; fileEncoding = 4; lastKnownFileType = sourcecode.cpp.cpp; name = main.cpp; path = mac/main.cpp; sourceTree = "<group>"; };
		503AE10417EB98FF00D1A890 /* Prefix.pch */ = {isa = PBXFileReference; fileEncoding = 4; lastKnownFileType = sourcecode.c.h; name = Prefix.pch; path = mac/Prefix.pch; sourceTree = "<group>"; };
		503AE11117EB99EE00D1A890 /* libcurl.dylib */ = {isa = PBXFileReference; lastKnownFileType = "compiled.mach-o.dylib"; name = libcurl.dylib; path = usr/lib/libcurl.dylib; sourceTree = SDKROOT; };
		503AE11A17EB9C5A00D1A890 /* IOKit.framework */ = {isa = PBXFileReference; lastKnownFileType = wrapper.framework; name = IOKit.framework; path = System/Library/Frameworks/IOKit.framework; sourceTree = SDKROOT; };
		5087E76F17EB910900C73F5D /* gamePlay-desktop.app */ = {isa = PBXFileReference; explicitFileType = wrapper.application; includeInIndex = 0; path = "gamePlay-desktop.app"; sourceTree = BUILT_PRODUCTS_DIR; };
		5087E77217EB970100C73F5D /* Default-568h@2x.png */ = {isa = PBXFileReference; lastKnownFileType = image.png; path = "Default-568h@2x.png"; sourceTree = "<group>"; };
		5087E77317EB970100C73F5D /* Default.png */ = {isa = PBXFileReference; lastKnownFileType = image.png; path = Default.png; sourceTree = "<group>"; };
		5087E77417EB970100C73F5D /* Default@2x.png */ = {isa = PBXFileReference; lastKnownFileType = image.png; path = "Default@2x.png"; sourceTree = "<group>"; };
		5087E77517EB970100C73F5D /* Icon-114.png */ = {isa = PBXFileReference; lastKnownFileType = image.png; path = "Icon-114.png"; sourceTree = "<group>"; };
		5087E77617EB970100C73F5D /* Icon-120.png */ = {isa = PBXFileReference; lastKnownFileType = image.png; path = "Icon-120.png"; sourceTree = "<group>"; };
		5087E77717EB970100C73F5D /* Icon-144.png */ = {isa = PBXFileReference; lastKnownFileType = image.png; path = "Icon-144.png"; sourceTree = "<group>"; };
		5087E77817EB970100C73F5D /* Icon-152.png */ = {isa = PBXFileReference; lastKnownFileType = image.png; path = "Icon-152.png"; sourceTree = "<group>"; };
		5087E77917EB970100C73F5D /* Icon-57.png */ = {isa = PBXFileReference; lastKnownFileType = image.png; path = "Icon-57.png"; sourceTree = "<group>"; };
		5087E77A17EB970100C73F5D /* Icon-72.png */ = {isa = PBXFileReference; lastKnownFileType = image.png; path = "Icon-72.png"; sourceTree = "<group>"; };
		5087E77B17EB970100C73F5D /* Icon-76.png */ = {isa = PBXFileReference; lastKnownFileType = image.png; path = "Icon-76.png"; sourceTree = "<group>"; };
		5087E77C17EB970100C73F5D /* Info.plist */ = {isa = PBXFileReference; fileEncoding = 4; lastKnownFileType = text.plist.xml; path = Info.plist; sourceTree = "<group>"; };
		5087E78817EB974C00C73F5D /* AppKit.framework */ = {isa = PBXFileReference; lastKnownFileType = wrapper.framework; name = AppKit.framework; path = System/Library/Frameworks/AppKit.framework; sourceTree = SDKROOT; };
		5087E78A17EB975400C73F5D /* OpenGL.framework */ = {isa = PBXFileReference; lastKnownFileType = wrapper.framework; name = OpenGL.framework; path = System/Library/Frameworks/OpenGL.framework; sourceTree = SDKROOT; };
		50EF629217ECD46A001EB2F8 /* Icon-40.png */ = {isa = PBXFileReference; lastKnownFileType = image.png; path = "Icon-40.png"; sourceTree = "<group>"; };
		50EF629317ECD46A001EB2F8 /* Icon-58.png */ = {isa = PBXFileReference; lastKnownFileType = image.png; path = "Icon-58.png"; sourceTree = "<group>"; };
		50EF629417ECD46A001EB2F8 /* Icon-80.png */ = {isa = PBXFileReference; lastKnownFileType = image.png; path = "Icon-80.png"; sourceTree = "<group>"; };
		50EF629517ECD46A001EB2F8 /* Icon-100.png */ = {isa = PBXFileReference; lastKnownFileType = image.png; path = "Icon-100.png"; sourceTree = "<group>"; };
		50EF62A017ECD613001EB2F8 /* Icon-29.png */ = {isa = PBXFileReference; lastKnownFileType = image.png; path = "Icon-29.png"; sourceTree = "<group>"; };
		50EF62A117ECD613001EB2F8 /* Icon-50.png */ = {isa = PBXFileReference; lastKnownFileType = image.png; path = "Icon-50.png"; sourceTree = "<group>"; };
		521A8E6219F0C34300D177D7 /* Default-667h@2x.png */ = {isa = PBXFileReference; lastKnownFileType = image.png; path = "Default-667h@2x.png"; sourceTree = "<group>"; };
		521A8E6319F0C34300D177D7 /* Default-736h@3x.png */ = {isa = PBXFileReference; lastKnownFileType = image.png; path = "Default-736h@3x.png"; sourceTree = "<group>"; };
		52B47A461A53D09B004E4C60 /* Security.framework */ = {isa = PBXFileReference; lastKnownFileType = wrapper.framework; name = Security.framework; path = Platforms/iPhoneOS.platform/Developer/SDKs/iPhoneOS8.1.sdk/System/Library/Frameworks/Security.framework; sourceTree = DEVELOPER_DIR; };
		61016EBB1C19B31700AA13A8 /* GoogleMobileAds.framework */ = {isa = PBXFileReference; lastKnownFileType = wrapper.framework; path = GoogleMobileAds.framework; sourceTree = "<group>"; };
		615E64491C16B7CE0061EBF9 /* OPTestLayer.cpp */ = {isa = PBXFileReference; fileEncoding = 4; lastKnownFileType = sourcecode.cpp.cpp; path = OPTestLayer.cpp; sourceTree = "<group>"; };
		615E644A1C16B7CE0061EBF9 /* OPTestLayer.h */ = {isa = PBXFileReference; explicitFileType = sourcecode.cpp.h; fileEncoding = 4; path = OPTestLayer.h; sourceTree = "<group>"; };
		615E644C1C16B9FD0061EBF9 /* OPTestLayerLoader.h */ = {isa = PBXFileReference; fileEncoding = 4; lastKnownFileType = sourcecode.c.h; path = OPTestLayerLoader.h; sourceTree = "<group>"; };
		61935C2C1C168BED0077685C /* TalkingData.h */ = {isa = PBXFileReference; fileEncoding = 4; lastKnownFileType = sourcecode.c.h; path = TalkingData.h; sourceTree = "<group>"; };
		61935C2D1C168BED0077685C /* TDCCAccount.h */ = {isa = PBXFileReference; fileEncoding = 4; lastKnownFileType = sourcecode.c.h; path = TDCCAccount.h; sourceTree = "<group>"; };
		61935C2E1C168BED0077685C /* TDCCItem.h */ = {isa = PBXFileReference; fileEncoding = 4; lastKnownFileType = sourcecode.c.h; path = TDCCItem.h; sourceTree = "<group>"; };
		61935C2F1C168BED0077685C /* TDCCMission.h */ = {isa = PBXFileReference; fileEncoding = 4; lastKnownFileType = sourcecode.c.h; path = TDCCMission.h; sourceTree = "<group>"; };
		61935C301C168BED0077685C /* TDCCTalkingDataGA.h */ = {isa = PBXFileReference; fileEncoding = 4; lastKnownFileType = sourcecode.c.h; path = TDCCTalkingDataGA.h; sourceTree = "<group>"; };
		61935C311C168BED0077685C /* TDCCVirtualCurrency.h */ = {isa = PBXFileReference; fileEncoding = 4; lastKnownFileType = sourcecode.c.h; path = TDCCVirtualCurrency.h; sourceTree = "<group>"; };
		61935C331C168BED0077685C /* libTalkingDataGA.a */ = {isa = PBXFileReference; lastKnownFileType = archive.ar; path = libTalkingDataGA.a; sourceTree = "<group>"; };
		61935C341C168BED0077685C /* TalkingDataGA.h */ = {isa = PBXFileReference; fileEncoding = 4; lastKnownFileType = sourcecode.c.h; path = TalkingDataGA.h; sourceTree = "<group>"; };
		61935C351C168BED0077685C /* TDCCAccount.mm */ = {isa = PBXFileReference; fileEncoding = 4; lastKnownFileType = sourcecode.cpp.objcpp; path = TDCCAccount.mm; sourceTree = "<group>"; };
		61935C361C168BED0077685C /* TDCCItem.mm */ = {isa = PBXFileReference; fileEncoding = 4; lastKnownFileType = sourcecode.cpp.objcpp; path = TDCCItem.mm; sourceTree = "<group>"; };
		61935C371C168BED0077685C /* TDCCMission.mm */ = {isa = PBXFileReference; fileEncoding = 4; lastKnownFileType = sourcecode.cpp.objcpp; path = TDCCMission.mm; sourceTree = "<group>"; };
		61935C381C168BED0077685C /* TDCCTalkingDataGA.mm */ = {isa = PBXFileReference; fileEncoding = 4; lastKnownFileType = sourcecode.cpp.objcpp; path = TDCCTalkingDataGA.mm; sourceTree = "<group>"; };
		61935C391C168BED0077685C /* TDCCVirtualCurrency.mm */ = {isa = PBXFileReference; fileEncoding = 4; lastKnownFileType = sourcecode.cpp.objcpp; path = TDCCVirtualCurrency.mm; sourceTree = "<group>"; };
		61935C401C168CC90077685C /* AdSupport.framework */ = {isa = PBXFileReference; lastKnownFileType = wrapper.framework; name = AdSupport.framework; path = Platforms/iPhoneOS.platform/Developer/SDKs/iPhoneOS9.1.sdk/System/Library/Frameworks/AdSupport.framework; sourceTree = DEVELOPER_DIR; };
		61935C421C168CDA0077685C /* CoreTelephony.framework */ = {isa = PBXFileReference; lastKnownFileType = wrapper.framework; name = CoreTelephony.framework; path = Platforms/iPhoneOS.platform/Developer/SDKs/iPhoneOS9.1.sdk/System/Library/Frameworks/CoreTelephony.framework; sourceTree = DEVELOPER_DIR; };
		61935C441C168CE10077685C /* lazydylib1.o */ = {isa = PBXFileReference; lastKnownFileType = "compiled.mach-o.objfile"; name = lazydylib1.o; path = Platforms/iPhoneOS.platform/Developer/SDKs/iPhoneOS9.1.sdk/usr/lib/lazydylib1.o; sourceTree = DEVELOPER_DIR; };
		61935C461C168CF00077685C /* SystemConfiguration.framework */ = {isa = PBXFileReference; lastKnownFileType = wrapper.framework; name = SystemConfiguration.framework; path = Platforms/iPhoneOS.platform/Developer/SDKs/iPhoneOS9.1.sdk/System/Library/Frameworks/SystemConfiguration.framework; sourceTree = DEVELOPER_DIR; };
		61935C481C168CFD0077685C /* Security.framework */ = {isa = PBXFileReference; lastKnownFileType = wrapper.framework; name = Security.framework; path = Platforms/iPhoneOS.platform/Developer/SDKs/iPhoneOS9.1.sdk/System/Library/Frameworks/Security.framework; sourceTree = DEVELOPER_DIR; };
		61D83BA71C19B09E001E3A1A /* CoreMedia.framework */ = {isa = PBXFileReference; lastKnownFileType = wrapper.framework; name = CoreMedia.framework; path = Platforms/iPhoneOS.platform/Developer/SDKs/iPhoneOS9.1.sdk/System/Library/Frameworks/CoreMedia.framework; sourceTree = DEVELOPER_DIR; };
		61D83BA91C19B0AC001E3A1A /* EventKit.framework */ = {isa = PBXFileReference; lastKnownFileType = wrapper.framework; name = EventKit.framework; path = Platforms/iPhoneOS.platform/Developer/SDKs/iPhoneOS9.1.sdk/System/Library/Frameworks/EventKit.framework; sourceTree = DEVELOPER_DIR; };
		61D83BAB1C19B0B5001E3A1A /* EventKitUI.framework */ = {isa = PBXFileReference; lastKnownFileType = wrapper.framework; name = EventKitUI.framework; path = Platforms/iPhoneOS.platform/Developer/SDKs/iPhoneOS9.1.sdk/System/Library/Frameworks/EventKitUI.framework; sourceTree = DEVELOPER_DIR; };
		61D83BAD1C19B0CF001E3A1A /* MessageUI.framework */ = {isa = PBXFileReference; lastKnownFileType = wrapper.framework; name = MessageUI.framework; path = Platforms/iPhoneOS.platform/Developer/SDKs/iPhoneOS9.1.sdk/System/Library/Frameworks/MessageUI.framework; sourceTree = DEVELOPER_DIR; };
		61D83BAF1C19B0DE001E3A1A /* StoreKit.framework */ = {isa = PBXFileReference; lastKnownFileType = wrapper.framework; name = StoreKit.framework; path = Platforms/iPhoneOS.platform/Developer/SDKs/iPhoneOS9.1.sdk/System/Library/Frameworks/StoreKit.framework; sourceTree = DEVELOPER_DIR; };
		61DA10B41C1AC7AD00DAA76D /* WelcomeLayer.cpp */ = {isa = PBXFileReference; fileEncoding = 4; lastKnownFileType = sourcecode.cpp.cpp; path = WelcomeLayer.cpp; sourceTree = "<group>"; };
		61DA10B51C1AC7AD00DAA76D /* WelcomeLayer.h */ = {isa = PBXFileReference; fileEncoding = 4; lastKnownFileType = sourcecode.c.h; path = WelcomeLayer.h; sourceTree = "<group>"; };
		61DA10B71C1AC7C800DAA76D /* WelcomeLayerLoader.h */ = {isa = PBXFileReference; fileEncoding = 4; lastKnownFileType = sourcecode.c.h; path = WelcomeLayerLoader.h; sourceTree = "<group>"; };
		61E199981C2156E70059381D /* GameLayer.cpp */ = {isa = PBXFileReference; fileEncoding = 4; lastKnownFileType = sourcecode.cpp.cpp; path = GameLayer.cpp; sourceTree = "<group>"; };
		61E199991C2156E70059381D /* GameLayer.h */ = {isa = PBXFileReference; fileEncoding = 4; lastKnownFileType = sourcecode.c.h; path = GameLayer.h; sourceTree = "<group>"; };
		61E1999B1C2157150059381D /* GameLayerLoader.h */ = {isa = PBXFileReference; fileEncoding = 4; lastKnownFileType = sourcecode.c.h; path = GameLayerLoader.h; sourceTree = "<group>"; };
		61E1999D1C2158E90059381D /* getCCBLayer.cpp */ = {isa = PBXFileReference; fileEncoding = 4; lastKnownFileType = sourcecode.cpp.cpp; path = getCCBLayer.cpp; sourceTree = "<group>"; };
		61E1999E1C2158E90059381D /* getCCBLayer.hpp */ = {isa = PBXFileReference; fileEncoding = 4; lastKnownFileType = sourcecode.cpp.h; path = getCCBLayer.hpp; sourceTree = "<group>"; };
		61E19A2E1C215F1D0059381D /* fileLookup.plist */ = {isa = PBXFileReference; fileEncoding = 4; lastKnownFileType = text.plist.xml; path = fileLookup.plist; sourceTree = "<group>"; };
		61E19A2F1C215F1D0059381D /* GameLayer.ccbi */ = {isa = PBXFileReference; lastKnownFileType = file; path = GameLayer.ccbi; sourceTree = "<group>"; };
		61E19A301C215F1D0059381D /* main.js */ = {isa = PBXFileReference; fileEncoding = 4; lastKnownFileType = sourcecode.javascript; path = main.js; sourceTree = "<group>"; };
		61E19A311C215F1D0059381D /* MainScene.ccbi */ = {isa = PBXFileReference; lastKnownFileType = file; path = MainScene.ccbi; sourceTree = "<group>"; };
		61E19A321C215F1D0059381D /* WelcomeLayer.ccbi */ = {isa = PBXFileReference; lastKnownFileType = file; path = WelcomeLayer.ccbi; sourceTree = "<group>"; };
		61E19A341C215F1D0059381D /* bet_bg_1.png */ = {isa = PBXFileReference; lastKnownFileType = image.png; path = bet_bg_1.png; sourceTree = "<group>"; };
		61E19A351C215F1D0059381D /* bet_bg_2.png */ = {isa = PBXFileReference; lastKnownFileType = image.png; path = bet_bg_2.png; sourceTree = "<group>"; };
		61E19A361C215F1D0059381D /* bet_bg_3.png */ = {isa = PBXFileReference; lastKnownFileType = image.png; path = bet_bg_3.png; sourceTree = "<group>"; };
		61E19A371C215F1D0059381D /* btn_1.png */ = {isa = PBXFileReference; lastKnownFileType = image.png; path = btn_1.png; sourceTree = "<group>"; };
		61E19A381C215F1D0059381D /* btn_2.png */ = {isa = PBXFileReference; lastKnownFileType = image.png; path = btn_2.png; sourceTree = "<group>"; };
		61E19A391C215F1D0059381D /* ccbDefaultImages.plist */ = {isa = PBXFileReference; fileEncoding = 4; lastKnownFileType = text.plist.xml; path = ccbDefaultImages.plist; sourceTree = "<group>"; };
		61E19A3A1C215F1D0059381D /* ccbDefaultImages.png */ = {isa = PBXFileReference; lastKnownFileType = image.png; path = ccbDefaultImages.png; sourceTree = "<group>"; };
		61E19A3B1C215F1D0059381D /* ccbParticleFire.png */ = {isa = PBXFileReference; lastKnownFileType = image.png; path = ccbParticleFire.png; sourceTree = "<group>"; };
		61E19A3C1C215F1D0059381D /* ccbParticleSmoke.png */ = {isa = PBXFileReference; lastKnownFileType = image.png; path = ccbParticleSmoke.png; sourceTree = "<group>"; };
		61E19A3D1C215F1D0059381D /* ccbParticleSnow.png */ = {isa = PBXFileReference; lastKnownFileType = image.png; path = ccbParticleSnow.png; sourceTree = "<group>"; };
		61E19A3E1C215F1D0059381D /* ccbParticleStars.png */ = {isa = PBXFileReference; lastKnownFileType = image.png; path = ccbParticleStars.png; sourceTree = "<group>"; };
		61E19A401C215F1D0059381D /* ccbDefaultImages.plist */ = {isa = PBXFileReference; fileEncoding = 4; lastKnownFileType = text.plist.xml; path = ccbDefaultImages.plist; sourceTree = "<group>"; };
		61E19A411C215F1D0059381D /* ccbDefaultImages.png */ = {isa = PBXFileReference; lastKnownFileType = image.png; path = ccbDefaultImages.png; sourceTree = "<group>"; };
		61E19A431C215F1D0059381D /* ccbDefaultImages.plist */ = {isa = PBXFileReference; fileEncoding = 4; lastKnownFileType = text.plist.xml; path = ccbDefaultImages.plist; sourceTree = "<group>"; };
		61E19A441C215F1D0059381D /* ccbDefaultImages.png */ = {isa = PBXFileReference; lastKnownFileType = image.png; path = ccbDefaultImages.png; sourceTree = "<group>"; };
		61E19A461C215F1D0059381D /* ccbDefaultImages.plist */ = {isa = PBXFileReference; fileEncoding = 4; lastKnownFileType = text.plist.xml; path = ccbDefaultImages.plist; sourceTree = "<group>"; };
		61E19A471C215F1D0059381D /* ccbDefaultImages.png */ = {isa = PBXFileReference; lastKnownFileType = image.png; path = ccbDefaultImages.png; sourceTree = "<group>"; };
		61E19A481C215F1D0059381D /* sprite.png */ = {isa = PBXFileReference; lastKnownFileType = image.png; path = sprite.png; sourceTree = "<group>"; };
		61E19A491C215F1D0059381D /* Thumbs.db */ = {isa = PBXFileReference; lastKnownFileType = file; path = Thumbs.db; sourceTree = "<group>"; };
		61E19A4A1C215F1D0059381D /* CloseNormal.png */ = {isa = PBXFileReference; lastKnownFileType = image.png; path = CloseNormal.png; sourceTree = "<group>"; };
		61E19A4B1C215F1D0059381D /* CloseSelected.png */ = {isa = PBXFileReference; lastKnownFileType = image.png; path = CloseSelected.png; sourceTree = "<group>"; };
		61E19A4D1C215F1D0059381D /* arial.ttf */ = {isa = PBXFileReference; lastKnownFileType = file; path = arial.ttf; sourceTree = "<group>"; };
		61E19A4E1C215F1D0059381D /* Marker Felt.ttf */ = {isa = PBXFileReference; lastKnownFileType = file; path = "Marker Felt.ttf"; sourceTree = "<group>"; };
		61E19A4F1C215F1D0059381D /* HelloWorld.png */ = {isa = PBXFileReference; lastKnownFileType = image.png; path = HelloWorld.png; sourceTree = "<group>"; };
		61E19A511C215F1D0059381D /* .gitkeep */ = {isa = PBXFileReference; fileEncoding = 4; lastKnownFileType = text; path = .gitkeep; sourceTree = "<group>"; };
		61E19A771C219AE00059381D /* GameLogic.cpp */ = {isa = PBXFileReference; fileEncoding = 4; lastKnownFileType = sourcecode.cpp.cpp; path = GameLogic.cpp; sourceTree = "<group>"; };
		61E19A781C219AE00059381D /* GameLogic.h */ = {isa = PBXFileReference; fileEncoding = 4; lastKnownFileType = sourcecode.c.h; path = GameLogic.h; sourceTree = "<group>"; };
		8262943D1AAF051F00CB7CF7 /* Security.framework */ = {isa = PBXFileReference; lastKnownFileType = wrapper.framework; name = Security.framework; path = System/Library/Frameworks/Security.framework; sourceTree = SDKROOT; };
		BF170DB012928DE900B8313A /* OpenGLES.framework */ = {isa = PBXFileReference; lastKnownFileType = wrapper.framework; name = OpenGLES.framework; path = System/Library/Frameworks/OpenGLES.framework; sourceTree = SDKROOT; };
		BF170DB412928DE900B8313A /* libz.dylib */ = {isa = PBXFileReference; lastKnownFileType = "compiled.mach-o.dylib"; name = libz.dylib; path = usr/lib/libz.dylib; sourceTree = SDKROOT; };
		BF1C47EA1293683800B63C5D /* QuartzCore.framework */ = {isa = PBXFileReference; lastKnownFileType = wrapper.framework; name = QuartzCore.framework; path = System/Library/Frameworks/QuartzCore.framework; sourceTree = SDKROOT; };
		D44C620B132DFF330009C878 /* OpenAL.framework */ = {isa = PBXFileReference; lastKnownFileType = wrapper.framework; name = OpenAL.framework; path = System/Library/Frameworks/OpenAL.framework; sourceTree = SDKROOT; };
		D44C620D132DFF430009C878 /* AVFoundation.framework */ = {isa = PBXFileReference; lastKnownFileType = wrapper.framework; name = AVFoundation.framework; path = System/Library/Frameworks/AVFoundation.framework; sourceTree = SDKROOT; };
		D44C620F132DFF4E0009C878 /* AudioToolbox.framework */ = {isa = PBXFileReference; lastKnownFileType = wrapper.framework; name = AudioToolbox.framework; path = System/Library/Frameworks/AudioToolbox.framework; sourceTree = SDKROOT; };
		D6B0611A1803AB670077942B /* CoreMotion.framework */ = {isa = PBXFileReference; lastKnownFileType = wrapper.framework; name = CoreMotion.framework; path = Platforms/iPhoneOS.platform/Developer/SDKs/iPhoneOS7.0.sdk/System/Library/Frameworks/CoreMotion.framework; sourceTree = DEVELOPER_DIR; };
		ED545A7B1B68A1F400C3958E /* libiconv.dylib */ = {isa = PBXFileReference; lastKnownFileType = "compiled.mach-o.dylib"; name = libiconv.dylib; path = Platforms/iPhoneOS.platform/Developer/SDKs/iPhoneOS8.4.sdk/usr/lib/libiconv.dylib; sourceTree = DEVELOPER_DIR; };
		ED545A7D1B68A1FA00C3958E /* libiconv.dylib */ = {isa = PBXFileReference; lastKnownFileType = "compiled.mach-o.dylib"; name = libiconv.dylib; path = usr/lib/libiconv.dylib; sourceTree = SDKROOT; };
/* End PBXFileReference section */

/* Begin PBXFrameworksBuildPhase section */
		1D60588F0D05DD3D006BFB54 /* Frameworks */ = {
			isa = PBXFrameworksBuildPhase;
			buildActionMask = 2147483647;
			files = (
				61D83BB01C19B0DE001E3A1A /* StoreKit.framework in Frameworks */,
				61D83BAE1C19B0CF001E3A1A /* MessageUI.framework in Frameworks */,
				61D83BAC1C19B0B5001E3A1A /* EventKitUI.framework in Frameworks */,
				61D83BAA1C19B0AC001E3A1A /* EventKit.framework in Frameworks */,
				61D83BA81C19B09E001E3A1A /* CoreMedia.framework in Frameworks */,
				61935C491C168CFD0077685C /* Security.framework in Frameworks */,
				61935C471C168CF00077685C /* SystemConfiguration.framework in Frameworks */,
				61935C451C168CE10077685C /* lazydylib1.o in Frameworks */,
				61935C431C168CDA0077685C /* CoreTelephony.framework in Frameworks */,
				61935C411C168CC90077685C /* AdSupport.framework in Frameworks */,
				ED545A7C1B68A1F400C3958E /* libiconv.dylib in Frameworks */,
				52B47A471A53D09C004E4C60 /* Security.framework in Frameworks */,
				61935C3A1C168BED0077685C /* libTalkingDataGA.a in Frameworks */,
				1AC6FB30180E99EB004C840B /* libcocos2d iOS.a in Frameworks */,
				D6B0611B1803AB670077942B /* CoreMotion.framework in Frameworks */,
				1D60589F0D05DD5A006BFB54 /* Foundation.framework in Frameworks */,
				1DF5F4E00D08C38300B7A737 /* UIKit.framework in Frameworks */,
				288765A50DF7441C002DB57D /* CoreGraphics.framework in Frameworks */,
				BF171245129291EC00B8313A /* OpenGLES.framework in Frameworks */,
				BF1712471292920000B8313A /* libz.dylib in Frameworks */,
				BF1C47F01293687400B63C5D /* QuartzCore.framework in Frameworks */,
				D44C620C132DFF330009C878 /* OpenAL.framework in Frameworks */,
				61016EBC1C19B31700AA13A8 /* GoogleMobileAds.framework in Frameworks */,
				D44C620E132DFF430009C878 /* AVFoundation.framework in Frameworks */,
				D44C6210132DFF4E0009C878 /* AudioToolbox.framework in Frameworks */,
			);
			runOnlyForDeploymentPostprocessing = 0;
		};
		5087E75C17EB910900C73F5D /* Frameworks */ = {
			isa = PBXFrameworksBuildPhase;
			buildActionMask = 2147483647;
			files = (
				ED545A7E1B68A1FA00C3958E /* libiconv.dylib in Frameworks */,
				1AC6FB21180E996B004C840B /* libcocos2d Mac.a in Frameworks */,
				5087E76717EB910900C73F5D /* libz.dylib in Frameworks */,
				8262943E1AAF051F00CB7CF7 /* Security.framework in Frameworks */,
				503AE11B17EB9C5A00D1A890 /* IOKit.framework in Frameworks */,
				5087E78B17EB975400C73F5D /* OpenGL.framework in Frameworks */,
				5087E78917EB974C00C73F5D /* AppKit.framework in Frameworks */,
				5087E76317EB910900C73F5D /* Foundation.framework in Frameworks */,
				5087E76817EB910900C73F5D /* QuartzCore.framework in Frameworks */,
				5087E76917EB910900C73F5D /* OpenAL.framework in Frameworks */,
				5087E76A17EB910900C73F5D /* AVFoundation.framework in Frameworks */,
				5087E76B17EB910900C73F5D /* AudioToolbox.framework in Frameworks */,
			);
			runOnlyForDeploymentPostprocessing = 0;
		};
/* End PBXFrameworksBuildPhase section */

/* Begin PBXGroup section */
		080E96DDFE201D6D7F000001 /* ios */ = {
			isa = PBXGroup;
			children = (
				5087E77117EB970100C73F5D /* Icons */,
				503AE0FA17EB989F00D1A890 /* AppController.h */,
				503AE0FB17EB989F00D1A890 /* AppController.mm */,
				503AE0FC17EB989F00D1A890 /* main.m */,
				503AE0FD17EB989F00D1A890 /* Prefix.pch */,
				503AE0FE17EB989F00D1A890 /* RootViewController.h */,
				503AE0FF17EB989F00D1A890 /* RootViewController.mm */,
			);
			name = ios;
			path = Classes;
			sourceTree = "<group>";
		};
		19C28FACFE9D520D11CA2CBB /* Products */ = {
			isa = PBXGroup;
			children = (
				1D6058910D05DD3D006BFB54 /* gamePlay-mobile.app */,
				5087E76F17EB910900C73F5D /* gamePlay-desktop.app */,
			);
			name = Products;
			sourceTree = "<group>";
		};
		1AC6FAE6180E9839004C840B /* Products */ = {
			isa = PBXGroup;
			children = (
				1AC6FAF9180E9839004C840B /* libcocos2d Mac.a */,
				1AC6FB07180E9839004C840B /* libcocos2d iOS.a */,
			);
			name = Products;
			sourceTree = "<group>";
		};
		29B97314FDCFA39411CA2CEA /* CustomTemplate */ = {
			isa = PBXGroup;
			children = (
				61E19A2C1C215F1D0059381D /* Resources */,
				61016EBB1C19B31700AA13A8 /* GoogleMobileAds.framework */,
				61935C2B1C168BED0077685C /* include */,
				61935C321C168BED0077685C /* ios */,
				46880B8319C43A87006E1F66 /* Classes */,
				1AC6FAE5180E9839004C840B /* cocos2d_libs.xcodeproj */,
				29B97323FDCFA39411CA2CEA /* Frameworks */,
				080E96DDFE201D6D7F000001 /* ios */,
				503AE10617EB990700D1A890 /* mac */,
				19C28FACFE9D520D11CA2CBB /* Products */,
			);
			name = CustomTemplate;
			sourceTree = "<group>";
		};
		29B97323FDCFA39411CA2CEA /* Frameworks */ = {
			isa = PBXGroup;
			children = (
				61D83BAF1C19B0DE001E3A1A /* StoreKit.framework */,
				61D83BAD1C19B0CF001E3A1A /* MessageUI.framework */,
				61D83BAB1C19B0B5001E3A1A /* EventKitUI.framework */,
				61D83BA91C19B0AC001E3A1A /* EventKit.framework */,
				61D83BA71C19B09E001E3A1A /* CoreMedia.framework */,
				61935C481C168CFD0077685C /* Security.framework */,
				61935C461C168CF00077685C /* SystemConfiguration.framework */,
				61935C441C168CE10077685C /* lazydylib1.o */,
				61935C421C168CDA0077685C /* CoreTelephony.framework */,
				61935C401C168CC90077685C /* AdSupport.framework */,
				ED545A7D1B68A1FA00C3958E /* libiconv.dylib */,
				ED545A7B1B68A1F400C3958E /* libiconv.dylib */,
				8262943D1AAF051F00CB7CF7 /* Security.framework */,
				52B47A461A53D09B004E4C60 /* Security.framework */,
				D6B0611A1803AB670077942B /* CoreMotion.framework */,
				503AE11A17EB9C5A00D1A890 /* IOKit.framework */,
				503AE11117EB99EE00D1A890 /* libcurl.dylib */,
				5087E78A17EB975400C73F5D /* OpenGL.framework */,
				5087E78817EB974C00C73F5D /* AppKit.framework */,
				1ACB3243164770DE00914215 /* libcurl.a */,
				BF170DB412928DE900B8313A /* libz.dylib */,
				D44C620F132DFF4E0009C878 /* AudioToolbox.framework */,
				D44C620D132DFF430009C878 /* AVFoundation.framework */,
				288765A40DF7441C002DB57D /* CoreGraphics.framework */,
				1D30AB110D05D00D00671497 /* Foundation.framework */,
				D44C620B132DFF330009C878 /* OpenAL.framework */,
				BF170DB012928DE900B8313A /* OpenGLES.framework */,
				BF1C47EA1293683800B63C5D /* QuartzCore.framework */,
				1DF5F4DF0D08C38300B7A737 /* UIKit.framework */,
			);
			name = Frameworks;
			sourceTree = "<group>";
		};
		46880B8319C43A87006E1F66 /* Classes */ = {
			isa = PBXGroup;
			children = (
				61E1999C1C2158910059381D /* common */,
				61E199971C2156A30059381D /* ccbLoader */,
				61DA10B21C1AC77300DAA76D /* gameView */,
				61DA10B31C1AC78000DAA76D /* gameLogic */,
				615E64711C16F1D40061EBF9 /* testLayer */,
				46880B8419C43A87006E1F66 /* AppDelegate.cpp */,
				46880B8519C43A87006E1F66 /* AppDelegate.h */,
				46880B8619C43A87006E1F66 /* HelloWorldScene.cpp */,
				46880B8719C43A87006E1F66 /* HelloWorldScene.h */,
			);
			name = Classes;
			path = ../Classes;
			sourceTree = "<group>";
		};
		503AE0F517EB97AB00D1A890 /* Icons */ = {
			isa = PBXGroup;
			children = (
				503AE0F617EB97AB00D1A890 /* Icon.icns */,
				503AE0F717EB97AB00D1A890 /* Info.plist */,
			);
			name = Icons;
			path = mac;
			sourceTree = SOURCE_ROOT;
		};
		503AE10617EB990700D1A890 /* mac */ = {
			isa = PBXGroup;
			children = (
				503AE0F517EB97AB00D1A890 /* Icons */,
				503AE10317EB98FF00D1A890 /* main.cpp */,
				503AE10417EB98FF00D1A890 /* Prefix.pch */,
			);
			name = mac;
			sourceTree = "<group>";
		};
		5087E77117EB970100C73F5D /* Icons */ = {
			isa = PBXGroup;
			children = (
				521A8E6219F0C34300D177D7 /* Default-667h@2x.png */,
				521A8E6319F0C34300D177D7 /* Default-736h@3x.png */,
				5087E77217EB970100C73F5D /* Default-568h@2x.png */,
				5087E77317EB970100C73F5D /* Default.png */,
				5087E77417EB970100C73F5D /* Default@2x.png */,
				50EF62A017ECD613001EB2F8 /* Icon-29.png */,
				50EF62A117ECD613001EB2F8 /* Icon-50.png */,
				50EF629217ECD46A001EB2F8 /* Icon-40.png */,
				50EF629317ECD46A001EB2F8 /* Icon-58.png */,
				50EF629417ECD46A001EB2F8 /* Icon-80.png */,
				50EF629517ECD46A001EB2F8 /* Icon-100.png */,
				5087E77517EB970100C73F5D /* Icon-114.png */,
				5087E77617EB970100C73F5D /* Icon-120.png */,
				5087E77717EB970100C73F5D /* Icon-144.png */,
				5087E77817EB970100C73F5D /* Icon-152.png */,
				5087E77917EB970100C73F5D /* Icon-57.png */,
				5087E77A17EB970100C73F5D /* Icon-72.png */,
				5087E77B17EB970100C73F5D /* Icon-76.png */,
				5087E77C17EB970100C73F5D /* Info.plist */,
			);
			name = Icons;
			path = ios;
			sourceTree = SOURCE_ROOT;
		};
		615E64711C16F1D40061EBF9 /* testLayer */ = {
			isa = PBXGroup;
			children = (
				615E644C1C16B9FD0061EBF9 /* OPTestLayerLoader.h */,
				615E644A1C16B7CE0061EBF9 /* OPTestLayer.h */,
				615E64491C16B7CE0061EBF9 /* OPTestLayer.cpp */,
			);
			name = testLayer;
			sourceTree = "<group>";
		};
		61935C2B1C168BED0077685C /* include */ = {
			isa = PBXGroup;
			children = (
				61935C2C1C168BED0077685C /* TalkingData.h */,
				61935C2D1C168BED0077685C /* TDCCAccount.h */,
				61935C2E1C168BED0077685C /* TDCCItem.h */,
				61935C2F1C168BED0077685C /* TDCCMission.h */,
				61935C301C168BED0077685C /* TDCCTalkingDataGA.h */,
				61935C311C168BED0077685C /* TDCCVirtualCurrency.h */,
			);
			name = include;
			path = ../cocos2d/external/TalkingDataGameAnalytics/include;
			sourceTree = "<group>";
		};
		61935C321C168BED0077685C /* ios */ = {
			isa = PBXGroup;
			children = (
				61935C331C168BED0077685C /* libTalkingDataGA.a */,
				61935C341C168BED0077685C /* TalkingDataGA.h */,
				61935C351C168BED0077685C /* TDCCAccount.mm */,
				61935C361C168BED0077685C /* TDCCItem.mm */,
				61935C371C168BED0077685C /* TDCCMission.mm */,
				61935C381C168BED0077685C /* TDCCTalkingDataGA.mm */,
				61935C391C168BED0077685C /* TDCCVirtualCurrency.mm */,
			);
			name = ios;
			path = ../cocos2d/external/TalkingDataGameAnalytics/ios;
			sourceTree = "<group>";
		};
		61DA10B21C1AC77300DAA76D /* gameView */ = {
			isa = PBXGroup;
			children = (
				61DA10B41C1AC7AD00DAA76D /* WelcomeLayer.cpp */,
				61DA10B51C1AC7AD00DAA76D /* WelcomeLayer.h */,
				61E199981C2156E70059381D /* GameLayer.cpp */,
				61E199991C2156E70059381D /* GameLayer.h */,
			);
			name = gameView;
			sourceTree = "<group>";
		};
		61DA10B31C1AC78000DAA76D /* gameLogic */ = {
			isa = PBXGroup;
			children = (
				61E19A771C219AE00059381D /* GameLogic.cpp */,
				61E19A781C219AE00059381D /* GameLogic.h */,
			);
			name = gameLogic;
			sourceTree = "<group>";
		};
		61E199971C2156A30059381D /* ccbLoader */ = {
			isa = PBXGroup;
			children = (
				61DA10B71C1AC7C800DAA76D /* WelcomeLayerLoader.h */,
				61E1999B1C2157150059381D /* GameLayerLoader.h */,
			);
			name = ccbLoader;
			sourceTree = "<group>";
		};
		61E1999C1C2158910059381D /* common */ = {
			isa = PBXGroup;
			children = (
				61E199E71C215B970059381D /* ccbManger */,
				61E199E61C215B8B0059381D /* UIManger */,
			);
			name = common;
			sourceTree = "<group>";
		};
		61E199E61C215B8B0059381D /* UIManger */ = {
			isa = PBXGroup;
			children = (
			);
			name = UIManger;
			sourceTree = "<group>";
		};
		61E199E71C215B970059381D /* ccbManger */ = {
			isa = PBXGroup;
			children = (
				61E1999D1C2158E90059381D /* getCCBLayer.cpp */,
				61E1999E1C2158E90059381D /* getCCBLayer.hpp */,
			);
			name = ccbManger;
			sourceTree = "<group>";
		};
		61E19A2C1C215F1D0059381D /* Resources */ = {
			isa = PBXGroup;
			children = (
				61E19A2D1C215F1D0059381D /* ccb */,
				61E19A331C215F1D0059381D /* ccbResources */,
				61E19A4A1C215F1D0059381D /* CloseNormal.png */,
				61E19A4B1C215F1D0059381D /* CloseSelected.png */,
				61E19A4C1C215F1D0059381D /* fonts */,
				61E19A4F1C215F1D0059381D /* HelloWorld.png */,
				61E19A501C215F1D0059381D /* res */,
			);
			path = Resources;
			sourceTree = "<group>";
		};
		61E19A2D1C215F1D0059381D /* ccb */ = {
			isa = PBXGroup;
			children = (
				61E19A2E1C215F1D0059381D /* fileLookup.plist */,
				61E19A2F1C215F1D0059381D /* GameLayer.ccbi */,
				61E19A301C215F1D0059381D /* main.js */,
				61E19A311C215F1D0059381D /* MainScene.ccbi */,
				61E19A321C215F1D0059381D /* WelcomeLayer.ccbi */,
			);
			path = ccb;
			sourceTree = "<group>";
		};
		61E19A331C215F1D0059381D /* ccbResources */ = {
			isa = PBXGroup;
			children = (
				61E19A341C215F1D0059381D /* bet_bg_1.png */,
				61E19A351C215F1D0059381D /* bet_bg_2.png */,
				61E19A361C215F1D0059381D /* bet_bg_3.png */,
				61E19A371C215F1D0059381D /* btn_1.png */,
				61E19A381C215F1D0059381D /* btn_2.png */,
				61E19A391C215F1D0059381D /* ccbDefaultImages.plist */,
				61E19A3A1C215F1D0059381D /* ccbDefaultImages.png */,
				61E19A3B1C215F1D0059381D /* ccbParticleFire.png */,
				61E19A3C1C215F1D0059381D /* ccbParticleSmoke.png */,
				61E19A3D1C215F1D0059381D /* ccbParticleSnow.png */,
				61E19A3E1C215F1D0059381D /* ccbParticleStars.png */,
				61E19A3F1C215F1D0059381D /* resources-ipad */,
				61E19A421C215F1D0059381D /* resources-ipadhd */,
				61E19A451C215F1D0059381D /* resources-iphonehd */,
				61E19A481C215F1D0059381D /* sprite.png */,
				61E19A491C215F1D0059381D /* Thumbs.db */,
			);
			path = ccbResources;
			sourceTree = "<group>";
		};
		61E19A3F1C215F1D0059381D /* resources-ipad */ = {
			isa = PBXGroup;
			children = (
				61E19A401C215F1D0059381D /* ccbDefaultImages.plist */,
				61E19A411C215F1D0059381D /* ccbDefaultImages.png */,
			);
			path = "resources-ipad";
			sourceTree = "<group>";
		};
		61E19A421C215F1D0059381D /* resources-ipadhd */ = {
			isa = PBXGroup;
			children = (
				61E19A431C215F1D0059381D /* ccbDefaultImages.plist */,
				61E19A441C215F1D0059381D /* ccbDefaultImages.png */,
			);
			path = "resources-ipadhd";
			sourceTree = "<group>";
		};
		61E19A451C215F1D0059381D /* resources-iphonehd */ = {
			isa = PBXGroup;
			children = (
				61E19A461C215F1D0059381D /* ccbDefaultImages.plist */,
				61E19A471C215F1D0059381D /* ccbDefaultImages.png */,
			);
			path = "resources-iphonehd";
			sourceTree = "<group>";
		};
		61E19A4C1C215F1D0059381D /* fonts */ = {
			isa = PBXGroup;
			children = (
				61E19A4D1C215F1D0059381D /* arial.ttf */,
				61E19A4E1C215F1D0059381D /* Marker Felt.ttf */,
			);
			path = fonts;
			sourceTree = "<group>";
		};
		61E19A501C215F1D0059381D /* res */ = {
			isa = PBXGroup;
			children = (
				61E19A511C215F1D0059381D /* .gitkeep */,
			);
			path = res;
			sourceTree = "<group>";
		};
/* End PBXGroup section */

/* Begin PBXNativeTarget section */
		1D6058900D05DD3D006BFB54 /* gamePlay-mobile */ = {
			isa = PBXNativeTarget;
			buildConfigurationList = 1D6058960D05DD3E006BFB54 /* Build configuration list for PBXNativeTarget "gamePlay-mobile" */;
			buildPhases = (
				1D60588D0D05DD3D006BFB54 /* Resources */,
				1D60588E0D05DD3D006BFB54 /* Sources */,
				1D60588F0D05DD3D006BFB54 /* Frameworks */,
			);
			buildRules = (
			);
			dependencies = (
				1AC6FB25180E99E1004C840B /* PBXTargetDependency */,
			);
			name = "gamePlay-mobile";
			productName = iphone;
			productReference = 1D6058910D05DD3D006BFB54 /* gamePlay-mobile.app */;
			productType = "com.apple.product-type.application";
		};
		5087E73D17EB910900C73F5D /* gamePlay-desktop */ = {
			isa = PBXNativeTarget;
			buildConfigurationList = 5087E76C17EB910900C73F5D /* Build configuration list for PBXNativeTarget "gamePlay-desktop" */;
			buildPhases = (
				5087E74817EB910900C73F5D /* Resources */,
				5087E75617EB910900C73F5D /* Sources */,
				5087E75C17EB910900C73F5D /* Frameworks */,
			);
			buildRules = (
			);
			dependencies = (
				1AC6FB16180E9959004C840B /* PBXTargetDependency */,
			);
			name = "gamePlay-desktop";
			productName = iphone;
			productReference = 5087E76F17EB910900C73F5D /* gamePlay-desktop.app */;
			productType = "com.apple.product-type.application";
		};
/* End PBXNativeTarget section */

/* Begin PBXProject section */
		29B97313FDCFA39411CA2CEA /* Project object */ = {
			isa = PBXProject;
			attributes = {
				LastUpgradeCheck = 0500;
			};
			buildConfigurationList = C01FCF4E08A954540054247B /* Build configuration list for PBXProject "gamePlay" */;
			compatibilityVersion = "Xcode 3.2";
			developmentRegion = English;
			hasScannedForEncodings = 1;
			knownRegions = (
				English,
				Japanese,
				French,
				German,
			);
			mainGroup = 29B97314FDCFA39411CA2CEA /* CustomTemplate */;
			projectDirPath = "";
			projectReferences = (
				{
					ProductGroup = 1AC6FAE6180E9839004C840B /* Products */;
					ProjectRef = 1AC6FAE5180E9839004C840B /* cocos2d_libs.xcodeproj */;
				},
			);
			projectRoot = "";
			targets = (
				1D6058900D05DD3D006BFB54 /* gamePlay-mobile */,
				5087E73D17EB910900C73F5D /* gamePlay-desktop */,
			);
		};
/* End PBXProject section */

/* Begin PBXReferenceProxy section */
		1AC6FAF9180E9839004C840B /* libcocos2d Mac.a */ = {
			isa = PBXReferenceProxy;
			fileType = archive.ar;
			path = "libcocos2d Mac.a";
			remoteRef = 1AC6FAF8180E9839004C840B /* PBXContainerItemProxy */;
			sourceTree = BUILT_PRODUCTS_DIR;
		};
		1AC6FB07180E9839004C840B /* libcocos2d iOS.a */ = {
			isa = PBXReferenceProxy;
			fileType = archive.ar;
			path = "libcocos2d iOS.a";
			remoteRef = 1AC6FB06180E9839004C840B /* PBXContainerItemProxy */;
			sourceTree = BUILT_PRODUCTS_DIR;
		};
/* End PBXReferenceProxy section */

/* Begin PBXResourcesBuildPhase section */
		1D60588D0D05DD3D006BFB54 /* Resources */ = {
			isa = PBXResourcesBuildPhase;
			buildActionMask = 2147483647;
			files = (
				61E19A5D1C215F1D0059381D /* ccbDefaultImages.png in Resources */,
				5087E78117EB970100C73F5D /* Icon-120.png in Resources */,
				61E19A5F1C215F1D0059381D /* ccbParticleSmoke.png in Resources */,
				5087E78617EB970100C73F5D /* Icon-76.png in Resources */,
				61E19A591C215F1D0059381D /* bet_bg_3.png in Resources */,
				61E19A571C215F1D0059381D /* bet_bg_1.png in Resources */,
				61E19A631C215F1D0059381D /* ccbDefaultImages.png in Resources */,
				61E19A681C215F1D0059381D /* sprite.png in Resources */,
				61E19A581C215F1D0059381D /* bet_bg_2.png in Resources */,
				5087E77F17EB970100C73F5D /* Default@2x.png in Resources */,
				50EF629917ECD46A001EB2F8 /* Icon-100.png in Resources */,
				61E19A671C215F1D0059381D /* ccbDefaultImages.png in Resources */,
				61E19A561C215F1D0059381D /* WelcomeLayer.ccbi in Resources */,
				61E19A551C215F1D0059381D /* MainScene.ccbi in Resources */,
				61E19A651C215F1D0059381D /* ccbDefaultImages.png in Resources */,
				61E19A6F1C215F1D0059381D /* .gitkeep in Resources */,
				61E19A5C1C215F1D0059381D /* ccbDefaultImages.plist in Resources */,
				61E19A531C215F1D0059381D /* GameLayer.ccbi in Resources */,
				61E19A6A1C215F1D0059381D /* CloseNormal.png in Resources */,
				5087E78317EB970100C73F5D /* Icon-152.png in Resources */,
				61E19A661C215F1D0059381D /* ccbDefaultImages.plist in Resources */,
				61E19A611C215F1D0059381D /* ccbParticleStars.png in Resources */,
				61E19A5A1C215F1D0059381D /* btn_1.png in Resources */,
				5087E77D17EB970100C73F5D /* Default-568h@2x.png in Resources */,
				61E19A6B1C215F1D0059381D /* CloseSelected.png in Resources */,
				61E19A5B1C215F1D0059381D /* btn_2.png in Resources */,
				61E19A601C215F1D0059381D /* ccbParticleSnow.png in Resources */,
				61E19A691C215F1D0059381D /* Thumbs.db in Resources */,
				5087E78517EB970100C73F5D /* Icon-72.png in Resources */,
				521A8E6519F0C34300D177D7 /* Default-736h@3x.png in Resources */,
				50EF62A317ECD613001EB2F8 /* Icon-50.png in Resources */,
				61E19A641C215F1D0059381D /* ccbDefaultImages.plist in Resources */,
				61E19A6C1C215F1D0059381D /* arial.ttf in Resources */,
				5087E78017EB970100C73F5D /* Icon-114.png in Resources */,
				61E19A621C215F1D0059381D /* ccbDefaultImages.plist in Resources */,
				50EF62A217ECD613001EB2F8 /* Icon-29.png in Resources */,
				50EF629617ECD46A001EB2F8 /* Icon-40.png in Resources */,
				61E19A5E1C215F1D0059381D /* ccbParticleFire.png in Resources */,
				5087E78217EB970100C73F5D /* Icon-144.png in Resources */,
				61E19A521C215F1D0059381D /* fileLookup.plist in Resources */,
				50EF629817ECD46A001EB2F8 /* Icon-80.png in Resources */,
				61E19A6E1C215F1D0059381D /* HelloWorld.png in Resources */,
				5087E78417EB970100C73F5D /* Icon-57.png in Resources */,
				5087E77E17EB970100C73F5D /* Default.png in Resources */,
				61E19A6D1C215F1D0059381D /* Marker Felt.ttf in Resources */,
				61E19A541C215F1D0059381D /* main.js in Resources */,
				521A8E6419F0C34300D177D7 /* Default-667h@2x.png in Resources */,
				50EF629717ECD46A001EB2F8 /* Icon-58.png in Resources */,
			);
			runOnlyForDeploymentPostprocessing = 0;
		};
		5087E74817EB910900C73F5D /* Resources */ = {
			isa = PBXResourcesBuildPhase;
			buildActionMask = 2147483647;
			files = (
				503AE0F817EB97AB00D1A890 /* Icon.icns in Resources */,
			);
			runOnlyForDeploymentPostprocessing = 0;
		};
/* End PBXResourcesBuildPhase section */

/* Begin PBXSourcesBuildPhase section */
		1D60588E0D05DD3D006BFB54 /* Sources */ = {
			isa = PBXSourcesBuildPhase;
			buildActionMask = 2147483647;
			files = (
				46880B8819C43A87006E1F66 /* AppDelegate.cpp in Sources */,
				61E1999F1C2158E90059381D /* getCCBLayer.cpp in Sources */,
				46880B8A19C43A87006E1F66 /* HelloWorldScene.cpp in Sources */,
				503AE10017EB989F00D1A890 /* AppController.mm in Sources */,
				61935C3B1C168BED0077685C /* TDCCAccount.mm in Sources */,
				61935C3C1C168BED0077685C /* TDCCItem.mm in Sources */,
				503AE10217EB989F00D1A890 /* RootViewController.mm in Sources */,
				61935C3F1C168BED0077685C /* TDCCVirtualCurrency.mm in Sources */,
				61E1999A1C2156E70059381D /* GameLayer.cpp in Sources */,
				615E644B1C16B7CE0061EBF9 /* OPTestLayer.cpp in Sources */,
				61935C3D1C168BED0077685C /* TDCCMission.mm in Sources */,
				61935C3E1C168BED0077685C /* TDCCTalkingDataGA.mm in Sources */,
				61DA10B61C1AC7AD00DAA76D /* WelcomeLayer.cpp in Sources */,
				61E19A791C219AE00059381D /* GameLogic.cpp in Sources */,
				503AE10117EB989F00D1A890 /* main.m in Sources */,
			);
			runOnlyForDeploymentPostprocessing = 0;
		};
		5087E75617EB910900C73F5D /* Sources */ = {
			isa = PBXSourcesBuildPhase;
			buildActionMask = 2147483647;
			files = (
				46880B8919C43A87006E1F66 /* AppDelegate.cpp in Sources */,
				503AE10517EB98FF00D1A890 /* main.cpp in Sources */,
				46880B8B19C43A87006E1F66 /* HelloWorldScene.cpp in Sources */,
			);
			runOnlyForDeploymentPostprocessing = 0;
		};
/* End PBXSourcesBuildPhase section */

/* Begin PBXTargetDependency section */
		1AC6FB16180E9959004C840B /* PBXTargetDependency */ = {
			isa = PBXTargetDependency;
			name = "cocos2dx Mac";
			targetProxy = 1AC6FB15180E9959004C840B /* PBXContainerItemProxy */;
		};
		1AC6FB25180E99E1004C840B /* PBXTargetDependency */ = {
			isa = PBXTargetDependency;
			name = "cocos2dx iOS";
			targetProxy = 1AC6FB24180E99E1004C840B /* PBXContainerItemProxy */;
		};
/* End PBXTargetDependency section */

/* Begin XCBuildConfiguration section */
		1D6058940D05DD3E006BFB54 /* Debug */ = {
			isa = XCBuildConfiguration;
			buildSettings = {
				ALWAYS_SEARCH_USER_PATHS = YES;
				CODE_SIGN_IDENTITY = "iPhone Developer";
				COMPRESS_PNG_FILES = NO;
				ENABLE_BITCODE = NO;
				FRAMEWORK_SEARCH_PATHS = (
					"$(inherited)",
					"$(PROJECT_DIR)",
				);
				GCC_DYNAMIC_NO_PIC = NO;
				GCC_INLINES_ARE_PRIVATE_EXTERN = NO;
				GCC_PRECOMPILE_PREFIX_HEADER = YES;
				GCC_PREFIX_HEADER = ios/Prefix.pch;
				GCC_PREPROCESSOR_DEFINITIONS = (
					USE_FILE32API,
					CC_TARGET_OS_IPHONE,
					"COCOS2D_DEBUG=1",
					"CC_ENABLE_CHIPMUNK_INTEGRATION=1",
				);
				GCC_SYMBOLS_PRIVATE_EXTERN = NO;
				HEADER_SEARCH_PATHS = (
					"$(inherited)",
					"$(SRCROOT)/../cocos2d/cocos/platform/ios",
					"$(SRCROOT)/../cocos2d/cocos/platform/ios/Simulation",
				);
				INFOPLIST_FILE = ios/Info.plist;
				IPHONEOS_DEPLOYMENT_TARGET = 6.0;
				LIBRARY_SEARCH_PATHS = "$(SRCROOT)/../cocos2d/external/TalkingDataGameAnalytics/ios";
				OTHER_LDFLAGS = (
					"$(_COCOS_LIB_IOS_BEGIN)",
					"$(_COCOS_LIB_IOS_END)",
				);
				SDKROOT = iphoneos;
				TARGETED_DEVICE_FAMILY = "1,2";
				USER_HEADER_SEARCH_PATHS = "$(_COCOS_HEADER_IOS_BEGIN) $(_COCOS_HEADER_IOS_END)";
				VALID_ARCHS = "arm64 armv7";
			};
			name = Debug;
		};
		1D6058950D05DD3E006BFB54 /* Release */ = {
			isa = XCBuildConfiguration;
			buildSettings = {
				ALWAYS_SEARCH_USER_PATHS = YES;
				CODE_SIGN_IDENTITY = "iPhone Developer";
				COMPRESS_PNG_FILES = NO;
				ENABLE_BITCODE = NO;
				FRAMEWORK_SEARCH_PATHS = (
					"$(inherited)",
					"$(PROJECT_DIR)",
				);
				GCC_INLINES_ARE_PRIVATE_EXTERN = NO;
				GCC_PRECOMPILE_PREFIX_HEADER = YES;
				GCC_PREFIX_HEADER = ios/Prefix.pch;
				GCC_PREPROCESSOR_DEFINITIONS = (
					USE_FILE32API,
					CC_TARGET_OS_IPHONE,
					"CC_ENABLE_CHIPMUNK_INTEGRATION=1",
				);
				GCC_SYMBOLS_PRIVATE_EXTERN = NO;
				HEADER_SEARCH_PATHS = (
					"$(inherited)",
					"$(SRCROOT)/../cocos2d/cocos/platform/ios",
					"$(SRCROOT)/../cocos2d/cocos/platform/ios/Simulation",
				);
				INFOPLIST_FILE = ios/Info.plist;
				IPHONEOS_DEPLOYMENT_TARGET = 6.0;
				LIBRARY_SEARCH_PATHS = "$(SRCROOT)/../cocos2d/external/TalkingDataGameAnalytics/ios";
				OTHER_LDFLAGS = (
					"$(_COCOS_LIB_IOS_BEGIN)",
					"$(_COCOS_LIB_IOS_END)",
				);
				SDKROOT = iphoneos;
				TARGETED_DEVICE_FAMILY = "1,2";
				USER_HEADER_SEARCH_PATHS = "$(_COCOS_HEADER_IOS_BEGIN) $(_COCOS_HEADER_IOS_END)";
				VALID_ARCHS = "arm64 armv7";
			};
			name = Release;
		};
		5087E76D17EB910900C73F5D /* Debug */ = {
			isa = XCBuildConfiguration;
			buildSettings = {
				ALWAYS_SEARCH_USER_PATHS = YES;
				ARCHS = "$(ARCHS_STANDARD_64_BIT)";
				CLANG_CXX_LANGUAGE_STANDARD = "c++0x";
				CLANG_CXX_LIBRARY = "libc++";
				GCC_DYNAMIC_NO_PIC = NO;
				GCC_INLINES_ARE_PRIVATE_EXTERN = NO;
				GCC_PRECOMPILE_PREFIX_HEADER = YES;
				GCC_PREFIX_HEADER = mac/Prefix.pch;
				GCC_PREPROCESSOR_DEFINITIONS = (
					USE_FILE32API,
					CC_TARGET_OS_MAC,
					"COCOS2D_DEBUG=1",
					"CC_ENABLE_CHIPMUNK_INTEGRATION=1",
				);
				GCC_SYMBOLS_PRIVATE_EXTERN = NO;
				HEADER_SEARCH_PATHS = (
					"$(inherited)",
					"$(SRCROOT)/../cocos2d/cocos/platform/mac",
					"$(SRCROOT)/../cocos2d/external/glfw3/include/mac",
				);
				INFOPLIST_FILE = mac/Info.plist;
				LIBRARY_SEARCH_PATHS = "";
				OTHER_LDFLAGS = (
					"$(_COCOS_LIB_MAC_BEGIN)",
					"$(_COCOS_LIB_MAC_END)",
				);
				USER_HEADER_SEARCH_PATHS = "$(_COCOS_HEADER_MAC_BEGIN) $(_COCOS_HEADER_MAC_END)";
			};
			name = Debug;
		};
		5087E76E17EB910900C73F5D /* Release */ = {
			isa = XCBuildConfiguration;
			buildSettings = {
				ALWAYS_SEARCH_USER_PATHS = YES;
				ARCHS = "$(ARCHS_STANDARD_64_BIT)";
				CLANG_CXX_LANGUAGE_STANDARD = "c++0x";
				CLANG_CXX_LIBRARY = "libc++";
				GCC_INLINES_ARE_PRIVATE_EXTERN = NO;
				GCC_PRECOMPILE_PREFIX_HEADER = YES;
				GCC_PREFIX_HEADER = mac/Prefix.pch;
				GCC_PREPROCESSOR_DEFINITIONS = (
					USE_FILE32API,
					CC_TARGET_OS_MAC,
					"CC_ENABLE_CHIPMUNK_INTEGRATION=1",
				);
				GCC_SYMBOLS_PRIVATE_EXTERN = NO;
				HEADER_SEARCH_PATHS = (
					"$(inherited)",
					"$(SRCROOT)/../cocos2d/cocos/platform/mac",
					"$(SRCROOT)/../cocos2d/external/glfw3/include/mac",
				);
				INFOPLIST_FILE = mac/Info.plist;
				LIBRARY_SEARCH_PATHS = "";
				OTHER_LDFLAGS = (
					"$(_COCOS_LIB_MAC_BEGIN)",
					"$(_COCOS_LIB_MAC_END)",
				);
				USER_HEADER_SEARCH_PATHS = "$(_COCOS_HEADER_MAC_BEGIN) $(_COCOS_HEADER_MAC_END)";
			};
			name = Release;
		};
		C01FCF4F08A954540054247B /* Debug */ = {
			isa = XCBuildConfiguration;
			buildSettings = {
				CLANG_CXX_LANGUAGE_STANDARD = "c++0x";
				CLANG_CXX_LIBRARY = "libc++";
				COPY_PHASE_STRIP = NO;
				GCC_OPTIMIZATION_LEVEL = 0;
				GCC_WARN_ABOUT_RETURN_TYPE = YES;
				GCC_WARN_UNUSED_VARIABLE = YES;
				HEADER_SEARCH_PATHS = (
					"$(SRCROOT)/../cocos2d",
					"$(SRCROOT)/../cocos2d/cocos",
					"$(SRCROOT)/../cocos2d/cocos/base",
					"$(SRCROOT)/../cocos2d/cocos/physics",
					"$(SRCROOT)/../cocos2d/cocos/math",
					"$(SRCROOT)/../cocos2d/cocos/2d",
					"$(SRCROOT)/../cocos2d/cocos/ui",
					"$(SRCROOT)/../cocos2d/cocos/network",
					"$(SRCROOT)/../cocos2d/cocos/audio/include",
					"$(SRCROOT)/../cocos2d/cocos/editor-support",
					"$(SRCROOT)/../cocos2d/extensions",
					"$(SRCROOT)/../cocos2d/external",
					"$(SRCROOT)/../cocos2d/external/chipmunk/include/chipmunk",
				);
				IPHONEOS_DEPLOYMENT_TARGET = 6.0;
				MACOSX_DEPLOYMENT_TARGET = 10.7;
				ONLY_ACTIVE_ARCH = YES;
				PRODUCT_NAME = "$(TARGET_NAME)";
				SDKROOT = macosx;
			};
			name = Debug;
		};
		C01FCF5008A954540054247B /* Release */ = {
			isa = XCBuildConfiguration;
			buildSettings = {
				CLANG_CXX_LANGUAGE_STANDARD = "c++0x";
				CLANG_CXX_LIBRARY = "libc++";
				GCC_WARN_ABOUT_RETURN_TYPE = YES;
				GCC_WARN_UNUSED_VARIABLE = YES;
				HEADER_SEARCH_PATHS = (
					"$(SRCROOT)/../cocos2d",
					"$(SRCROOT)/../cocos2d/cocos",
					"$(SRCROOT)/../cocos2d/cocos/base",
					"$(SRCROOT)/../cocos2d/cocos/physics",
					"$(SRCROOT)/../cocos2d/cocos/math",
					"$(SRCROOT)/../cocos2d/cocos/2d",
					"$(SRCROOT)/../cocos2d/cocos/ui",
					"$(SRCROOT)/../cocos2d/cocos/network",
					"$(SRCROOT)/../cocos2d/cocos/audio/include",
					"$(SRCROOT)/../cocos2d/cocos/editor-support",
					"$(SRCROOT)/../cocos2d/extensions",
					"$(SRCROOT)/../cocos2d/external",
					"$(SRCROOT)/../cocos2d/external/chipmunk/include/chipmunk",
				);
				IPHONEOS_DEPLOYMENT_TARGET = 6.0;
				MACOSX_DEPLOYMENT_TARGET = 10.7;
				OTHER_CFLAGS = "-DNS_BLOCK_ASSERTIONS=1";
				PRODUCT_NAME = "$(TARGET_NAME)";
				SDKROOT = macosx;
				VALIDATE_PRODUCT = YES;
			};
			name = Release;
		};
/* End XCBuildConfiguration section */

/* Begin XCConfigurationList section */
		1D6058960D05DD3E006BFB54 /* Build configuration list for PBXNativeTarget "gamePlay-mobile" */ = {
			isa = XCConfigurationList;
			buildConfigurations = (
				1D6058940D05DD3E006BFB54 /* Debug */,
				1D6058950D05DD3E006BFB54 /* Release */,
			);
			defaultConfigurationIsVisible = 0;
			defaultConfigurationName = Debug;
		};
		5087E76C17EB910900C73F5D /* Build configuration list for PBXNativeTarget "gamePlay-desktop" */ = {
			isa = XCConfigurationList;
			buildConfigurations = (
				5087E76D17EB910900C73F5D /* Debug */,
				5087E76E17EB910900C73F5D /* Release */,
			);
			defaultConfigurationIsVisible = 0;
			defaultConfigurationName = Debug;
		};
		C01FCF4E08A954540054247B /* Build configuration list for PBXProject "gamePlay" */ = {
			isa = XCConfigurationList;
			buildConfigurations = (
				C01FCF4F08A954540054247B /* Debug */,
				C01FCF5008A954540054247B /* Release */,
			);
			defaultConfigurationIsVisible = 0;
			defaultConfigurationName = Debug;
		};
/* End XCConfigurationList section */
	};
	rootObject = 29B97313FDCFA39411CA2CEA /* Project object */;
}
